
Microsoft Visual Studio Solution File, Format Version 12.00
# Visual Studio Version 16
VisualStudioVersion = 16.0.29111.141
MinimumVisualStudioVersion = 10.0.40219.1
Project("{FAE04EC0-301F-11D3-BF4B-00C04F79EFBC}") = "KQuery", "KQuery\KQuery.csproj", "{4F13222B-6622-42A3-A94E-D3888ED7AF59}"
EndProject
Global
	GlobalSection(SolutionConfigurationPlatforms) = preSolution
		Debug|Any CPU = Debug|Any CPU
		Release|Any CPU = Release|Any CPU
	EndGlobalSection
	GlobalSection(ProjectConfigurationPlatforms) = postSolution
		{4F13222B-6622-42A3-A94E-D3888ED7AF59}.Debug|Any CPU.ActiveCfg = Debug|Any CPU
		{4F13222B-6622-42A3-A94E-D3888ED7AF59}.Debug|Any CPU.Build.0 = Debug|Any CPU
		{4F13222B-6622-42A3-A94E-D3888ED7AF59}.Release|Any CPU.ActiveCfg = Release|Any CPU
		{4F13222B-6622-42A3-A94E-D3888ED7AF59}.Release|Any CPU.Build.0 = Release|Any CPU
	EndGlobalSection
	GlobalSection(SolutionProperties) = preSolution
		HideSolutionNode = FALSE
	EndGlobalSection
	GlobalSection(ExtensibilityGlobals) = postSolution
		SolutionGuid = {0B089D07-E799-41E4-A6E9-9AB19F21EADD}
	EndGlobalSection
EndGlobal
