
Microsoft Visual Studio Solution File, Format Version 12.00
# Visual Studio Version 16
VisualStudioVersion = 16.0.29111.141
MinimumVisualStudioVersion = 10.0.40219.1
Project("{FAE04EC0-301F-11D3-BF4B-00C04F79EFBC}") = "KLoad", "KLoad\KLoad.csproj", "{23097FC9-ADD6-4D19-BE3A-958AB7E35959}"
EndProject
Project("{FAE04EC0-301F-11D3-BF4B-00C04F79EFBC}") = "Kload.Audit", "Kload.Audit\Kload.Audit.csproj", "{0AE7A7DB-35EE-4765-B506-CB7E3C7949B5}"
EndProject
Global
	GlobalSection(SolutionConfigurationPlatforms) = preSolution
		Debug|Any CPU = Debug|Any CPU
		Release|Any CPU = Release|Any CPU
	EndGlobalSection
	GlobalSection(ProjectConfigurationPlatforms) = postSolution
		{23097FC9-ADD6-4D19-BE3A-958AB7E35959}.Debug|Any CPU.ActiveCfg = Debug|Any CPU
		{23097FC9-ADD6-4D19-BE3A-958AB7E35959}.Debug|Any CPU.Build.0 = Debug|Any CPU
		{23097FC9-ADD6-4D19-BE3A-958AB7E35959}.Release|Any CPU.ActiveCfg = Release|Any CPU
		{23097FC9-ADD6-4D19-BE3A-958AB7E35959}.Release|Any CPU.Build.0 = Release|Any CPU
		{0AE7A7DB-35EE-4765-B506-CB7E3C7949B5}.Debug|Any CPU.ActiveCfg = Debug|Any CPU
		{0AE7A7DB-35EE-4765-B506-CB7E3C7949B5}.Debug|Any CPU.Build.0 = Debug|Any CPU
		{0AE7A7DB-35EE-4765-B506-CB7E3C7949B5}.Release|Any CPU.ActiveCfg = Release|Any CPU
		{0AE7A7DB-35EE-4765-B506-CB7E3C7949B5}.Release|Any CPU.Build.0 = Release|Any CPU
	EndGlobalSection
	GlobalSection(SolutionProperties) = preSolution
		HideSolutionNode = FALSE
	EndGlobalSection
	GlobalSection(ExtensibilityGlobals) = postSolution
		SolutionGuid = {C35EB5F6-9A45-4846-A59E-73565C3A19BA}
	EndGlobalSection
EndGlobal
