
Microsoft Visual Studio Solution File, Format Version 12.00
# Visual Studio Version 16
VisualStudioVersion = 16.0.29827.131
MinimumVisualStudioVersion = 10.0.40219.1
Project("{9A19103F-16F7-4668-BE54-9A1E7A4F7556}") = "AyrQor", "AyrQor\AyrQor.csproj", "{FF2DF510-FAA1-41EE-BF2B-205C088B82CC}"
EndProject
Project("{9A19103F-16F7-4668-BE54-9A1E7A4F7556}") = "AyrQor.Test", "AyrQor.Test\AyrQor.Test.csproj", "{1B3C109E-8105-43B6-B030-B0E55D02D352}"
EndProject
Project("{FAE04EC0-301F-11D3-BF4B-00C04F79EFBC}") = "AryQor.Audit", "AryQor.Audit\AryQor.Audit.csproj", "{0B3527D8-0C7E-4EB8-834E-CE5ECE5F5FCC}"
EndProject
Global
	GlobalSection(SolutionConfigurationPlatforms) = preSolution
		Debug|Any CPU = Debug|Any CPU
		Release|Any CPU = Release|Any CPU
	EndGlobalSection
	GlobalSection(ProjectConfigurationPlatforms) = postSolution
		{FF2DF510-FAA1-41EE-BF2B-205C088B82CC}.Debug|Any CPU.ActiveCfg = Debug|Any CPU
		{FF2DF510-FAA1-41EE-BF2B-205C088B82CC}.Debug|Any CPU.Build.0 = Debug|Any CPU
		{FF2DF510-FAA1-41EE-BF2B-205C088B82CC}.Release|Any CPU.ActiveCfg = Release|Any CPU
		{FF2DF510-FAA1-41EE-BF2B-205C088B82CC}.Release|Any CPU.Build.0 = Release|Any CPU
		{1B3C109E-8105-43B6-B030-B0E55D02D352}.Debug|Any CPU.ActiveCfg = Debug|Any CPU
		{1B3C109E-8105-43B6-B030-B0E55D02D352}.Debug|Any CPU.Build.0 = Debug|Any CPU
		{1B3C109E-8105-43B6-B030-B0E55D02D352}.Release|Any CPU.ActiveCfg = Release|Any CPU
		{1B3C109E-8105-43B6-B030-B0E55D02D352}.Release|Any CPU.Build.0 = Release|Any CPU
		{0B3527D8-0C7E-4EB8-834E-CE5ECE5F5FCC}.Debug|Any CPU.ActiveCfg = Debug|Any CPU
		{0B3527D8-0C7E-4EB8-834E-CE5ECE5F5FCC}.Debug|Any CPU.Build.0 = Debug|Any CPU
		{0B3527D8-0C7E-4EB8-834E-CE5ECE5F5FCC}.Release|Any CPU.ActiveCfg = Release|Any CPU
		{0B3527D8-0C7E-4EB8-834E-CE5ECE5F5FCC}.Release|Any CPU.Build.0 = Release|Any CPU
	EndGlobalSection
	GlobalSection(SolutionProperties) = preSolution
		HideSolutionNode = FALSE
	EndGlobalSection
	GlobalSection(ExtensibilityGlobals) = postSolution
		SolutionGuid = {802451DE-A14A-4566-9702-5027C0E3A644}
	EndGlobalSection
EndGlobal
