
Microsoft Visual Studio Solution File, Format Version 12.00
# Visual Studio 14
VisualStudioVersion = 14.0.25420.1
MinimumVisualStudioVersion = 10.0.40219.1
Project("{FAE04EC0-301F-11D3-BF4B-00C04F79EFBC}") = "Korekuta", "Korekuta\Korekuta.csproj", "{056B218E-7E09-4D88-8206-AD13386A95BA}"
EndProject
Project("{FAE04EC0-301F-11D3-BF4B-00C04F79EFBC}") = "Library", "Library\Library.csproj", "{2024AA1C-FEF5-4C9A-BBDE-62489BACF685}"
EndProject
Global
	GlobalSection(SolutionConfigurationPlatforms) = preSolution
		Debug|Any CPU = Debug|Any CPU
		Release|Any CPU = Release|Any CPU
	EndGlobalSection
	GlobalSection(ProjectConfigurationPlatforms) = postSolution
		{056B218E-7E09-4D88-8206-AD13386A95BA}.Debug|Any CPU.ActiveCfg = Debug|Any CPU
		{056B218E-7E09-4D88-8206-AD13386A95BA}.Debug|Any CPU.Build.0 = Debug|Any CPU
		{056B218E-7E09-4D88-8206-AD13386A95BA}.Release|Any CPU.ActiveCfg = Release|Any CPU
		{056B218E-7E09-4D88-8206-AD13386A95BA}.Release|Any CPU.Build.0 = Release|Any CPU
		{2024AA1C-FEF5-4C9A-BBDE-62489BACF685}.Debug|Any CPU.ActiveCfg = Debug|Any CPU
		{2024AA1C-FEF5-4C9A-BBDE-62489BACF685}.Debug|Any CPU.Build.0 = Debug|Any CPU
		{2024AA1C-FEF5-4C9A-BBDE-62489BACF685}.Release|Any CPU.ActiveCfg = Release|Any CPU
		{2024AA1C-FEF5-4C9A-BBDE-62489BACF685}.Release|Any CPU.Build.0 = Release|Any CPU
	EndGlobalSection
	GlobalSection(SolutionProperties) = preSolution
		HideSolutionNode = FALSE
	EndGlobalSection
EndGlobal
