
Microsoft Visual Studio Solution File, Format Version 12.00
# Visual Studio Version 16
VisualStudioVersion = 16.0.29111.141
MinimumVisualStudioVersion = 10.0.40219.1
Project("{FAE04EC0-301F-11D3-BF4B-00C04F79EFBC}") = "Implements", "Implements\Implements.csproj", "{8953720A-D98E-4B34-81B4-F8B737A44EA9}"
EndProject
Project("{FAE04EC0-301F-11D3-BF4B-00C04F79EFBC}") = "Audit", "Audit\Audit.csproj", "{0EE835A9-9999-4DB3-92A9-6CAA59D7FAC5}"
EndProject
Project("{FAE04EC0-301F-11D3-BF4B-00C04F79EFBC}") = "Implements.Test", "Implements.Test\Implements.Test.csproj", "{79A981E0-F002-4D7B-BC97-D3594F15B49B}"
EndProject
Global
	GlobalSection(SolutionConfigurationPlatforms) = preSolution
		Debug|Any CPU = Debug|Any CPU
		Release|Any CPU = Release|Any CPU
	EndGlobalSection
	GlobalSection(ProjectConfigurationPlatforms) = postSolution
		{8953720A-D98E-4B34-81B4-F8B737A44EA9}.Debug|Any CPU.ActiveCfg = Debug|Any CPU
		{8953720A-D98E-4B34-81B4-F8B737A44EA9}.Debug|Any CPU.Build.0 = Debug|Any CPU
		{8953720A-D98E-4B34-81B4-F8B737A44EA9}.Release|Any CPU.ActiveCfg = Release|Any CPU
		{8953720A-D98E-4B34-81B4-F8B737A44EA9}.Release|Any CPU.Build.0 = Release|Any CPU
		{0EE835A9-9999-4DB3-92A9-6CAA59D7FAC5}.Debug|Any CPU.ActiveCfg = Debug|Any CPU
		{0EE835A9-9999-4DB3-92A9-6CAA59D7FAC5}.Debug|Any CPU.Build.0 = Debug|Any CPU
		{0EE835A9-9999-4DB3-92A9-6CAA59D7FAC5}.Release|Any CPU.ActiveCfg = Release|Any CPU
		{0EE835A9-9999-4DB3-92A9-6CAA59D7FAC5}.Release|Any CPU.Build.0 = Release|Any CPU
		{79A981E0-F002-4D7B-BC97-D3594F15B49B}.Debug|Any CPU.ActiveCfg = Debug|Any CPU
		{79A981E0-F002-4D7B-BC97-D3594F15B49B}.Debug|Any CPU.Build.0 = Debug|Any CPU
		{79A981E0-F002-4D7B-BC97-D3594F15B49B}.Release|Any CPU.ActiveCfg = Release|Any CPU
		{79A981E0-F002-4D7B-BC97-D3594F15B49B}.Release|Any CPU.Build.0 = Release|Any CPU
	EndGlobalSection
	GlobalSection(SolutionProperties) = preSolution
		HideSolutionNode = FALSE
	EndGlobalSection
	GlobalSection(ExtensibilityGlobals) = postSolution
		SolutionGuid = {53B56901-7197-435C-9B5E-9102394AAE10}
	EndGlobalSection
EndGlobal
