
Microsoft Visual Studio Solution File, Format Version 12.00
# Visual Studio Version 16
VisualStudioVersion = 16.0.29521.150
MinimumVisualStudioVersion = 10.0.40219.1
Project("{9A19103F-16F7-4668-BE54-9A1E7A4F7556}") = "Template_Function", "Template_Function\Template_Function.csproj", "{81B22AF4-3DDD-453A-818D-472125368BB1}"
EndProject
Project("{FAE04EC0-301F-11D3-BF4B-00C04F79EFBC}") = "Template_Module", "Template_Module\Template_Module.csproj", "{5ECC4F0D-B744-435C-B937-BDF091B6CE72}"
EndProject
Global
	GlobalSection(SolutionConfigurationPlatforms) = preSolution
		Debug|Any CPU = Debug|Any CPU
		Release|Any CPU = Release|Any CPU
	EndGlobalSection
	GlobalSection(ProjectConfigurationPlatforms) = postSolution
		{81B22AF4-3DDD-453A-818D-472125368BB1}.Debug|Any CPU.ActiveCfg = Debug|Any CPU
		{81B22AF4-3DDD-453A-818D-472125368BB1}.Debug|Any CPU.Build.0 = Debug|Any CPU
		{81B22AF4-3DDD-453A-818D-472125368BB1}.Release|Any CPU.ActiveCfg = Release|Any CPU
		{81B22AF4-3DDD-453A-818D-472125368BB1}.Release|Any CPU.Build.0 = Release|Any CPU
		{5ECC4F0D-B744-435C-B937-BDF091B6CE72}.Debug|Any CPU.ActiveCfg = Debug|Any CPU
		{5ECC4F0D-B744-435C-B937-BDF091B6CE72}.Debug|Any CPU.Build.0 = Debug|Any CPU
		{5ECC4F0D-B744-435C-B937-BDF091B6CE72}.Release|Any CPU.ActiveCfg = Release|Any CPU
		{5ECC4F0D-B744-435C-B937-BDF091B6CE72}.Release|Any CPU.Build.0 = Release|Any CPU
	EndGlobalSection
	GlobalSection(SolutionProperties) = preSolution
		HideSolutionNode = FALSE
	EndGlobalSection
	GlobalSection(ExtensibilityGlobals) = postSolution
		SolutionGuid = {CD4FE04B-7230-427A-803D-2A9851AC749D}
	EndGlobalSection
EndGlobal
