
Microsoft Visual Studio Solution File, Format Version 12.00
# Visual Studio Version 16
VisualStudioVersion = 16.0.29111.141
MinimumVisualStudioVersion = 10.0.40219.1
Project("{FAE04EC0-301F-11D3-BF4B-00C04F79EFBC}") = "Sensor", "Sensor\Sensor.csproj", "{9DC561D6-F16E-4504-94C8-A80C749EBB65}"
EndProject
Project("{FAE04EC0-301F-11D3-BF4B-00C04F79EFBC}") = "Sensor.Audit", "Sensor.Audit\Sensor.Audit.csproj", "{D2A2D314-6300-435C-A50E-5F35A458F0D8}"
EndProject
Global
	GlobalSection(SolutionConfigurationPlatforms) = preSolution
		Debug|Any CPU = Debug|Any CPU
		Release|Any CPU = Release|Any CPU
	EndGlobalSection
	GlobalSection(ProjectConfigurationPlatforms) = postSolution
		{9DC561D6-F16E-4504-94C8-A80C749EBB65}.Debug|Any CPU.ActiveCfg = Debug|Any CPU
		{9DC561D6-F16E-4504-94C8-A80C749EBB65}.Debug|Any CPU.Build.0 = Debug|Any CPU
		{9DC561D6-F16E-4504-94C8-A80C749EBB65}.Release|Any CPU.ActiveCfg = Release|Any CPU
		{9DC561D6-F16E-4504-94C8-A80C749EBB65}.Release|Any CPU.Build.0 = Release|Any CPU
		{D2A2D314-6300-435C-A50E-5F35A458F0D8}.Debug|Any CPU.ActiveCfg = Debug|Any CPU
		{D2A2D314-6300-435C-A50E-5F35A458F0D8}.Debug|Any CPU.Build.0 = Debug|Any CPU
		{D2A2D314-6300-435C-A50E-5F35A458F0D8}.Release|Any CPU.ActiveCfg = Release|Any CPU
		{D2A2D314-6300-435C-A50E-5F35A458F0D8}.Release|Any CPU.Build.0 = Release|Any CPU
	EndGlobalSection
	GlobalSection(SolutionProperties) = preSolution
		HideSolutionNode = FALSE
	EndGlobalSection
	GlobalSection(ExtensibilityGlobals) = postSolution
		SolutionGuid = {00527462-C5AF-423F-8610-F046B6EF4063}
	EndGlobalSection
EndGlobal
