
Microsoft Visual Studio Solution File, Format Version 12.00
# Visual Studio Version 16
VisualStudioVersion = 16.0.29111.141
MinimumVisualStudioVersion = 10.0.40219.1
Project("{9A19103F-16F7-4668-BE54-9A1E7A4F7556}") = "KHubApp", "KHubApp\KHubApp.csproj", "{FED68A96-21D5-494A-BBDF-883A5830FC5F}"
EndProject
Global
	GlobalSection(SolutionConfigurationPlatforms) = preSolution
		Debug|Any CPU = Debug|Any CPU
		Release|Any CPU = Release|Any CPU
	EndGlobalSection
	GlobalSection(ProjectConfigurationPlatforms) = postSolution
		{FED68A96-21D5-494A-BBDF-883A5830FC5F}.Debug|Any CPU.ActiveCfg = Debug|Any CPU
		{FED68A96-21D5-494A-BBDF-883A5830FC5F}.Debug|Any CPU.Build.0 = Debug|Any CPU
		{FED68A96-21D5-494A-BBDF-883A5830FC5F}.Release|Any CPU.ActiveCfg = Release|Any CPU
		{FED68A96-21D5-494A-BBDF-883A5830FC5F}.Release|Any CPU.Build.0 = Release|Any CPU
	EndGlobalSection
	GlobalSection(SolutionProperties) = preSolution
		HideSolutionNode = FALSE
	EndGlobalSection
	GlobalSection(ExtensibilityGlobals) = postSolution
		SolutionGuid = {F8F7D5B3-2692-40B7-8A9C-CD048277786E}
	EndGlobalSection
EndGlobal
