
Microsoft Visual Studio Solution File, Format Version 12.00
# Visual Studio Version 16
VisualStudioVersion = 16.0.31624.102
MinimumVisualStudioVersion = 10.0.40219.1
Project("{FAE04EC0-301F-11D3-BF4B-00C04F79EFBC}") = "Configurator.Storage", "Configurator.Storage\Configurator.Storage.csproj", "{77684AD6-FA55-46B0-8082-1CF0543F5C06}"
EndProject
Global
	GlobalSection(SolutionConfigurationPlatforms) = preSolution
		Debug|Any CPU = Debug|Any CPU
		Release|Any CPU = Release|Any CPU
	EndGlobalSection
	GlobalSection(ProjectConfigurationPlatforms) = postSolution
		{77684AD6-FA55-46B0-8082-1CF0543F5C06}.Debug|Any CPU.ActiveCfg = Debug|Any CPU
		{77684AD6-FA55-46B0-8082-1CF0543F5C06}.Debug|Any CPU.Build.0 = Debug|Any CPU
		{77684AD6-FA55-46B0-8082-1CF0543F5C06}.Release|Any CPU.ActiveCfg = Release|Any CPU
		{77684AD6-FA55-46B0-8082-1CF0543F5C06}.Release|Any CPU.Build.0 = Release|Any CPU
	EndGlobalSection
	GlobalSection(SolutionProperties) = preSolution
		HideSolutionNode = FALSE
	EndGlobalSection
	GlobalSection(ExtensibilityGlobals) = postSolution
		SolutionGuid = {90293C12-63B7-4FB1-BA57-3DB795C32524}
	EndGlobalSection
EndGlobal
