
Microsoft Visual Studio Solution File, Format Version 12.00
# Visual Studio Version 16
VisualStudioVersion = 16.0.29111.141
MinimumVisualStudioVersion = 10.0.40219.1
Project("{9A19103F-16F7-4668-BE54-9A1E7A4F7556}") = "Implements", "Implements\Implements.csproj", "{ED638D0F-144B-4A8A-8213-DEDBF003842E}"
EndProject
Project("{9A19103F-16F7-4668-BE54-9A1E7A4F7556}") = "Implements.Audit", "Implements.Audit\Implements.Audit.csproj", "{FCCF4782-EFC7-4A4A-8984-F75C89851778}"
EndProject
Project("{9A19103F-16F7-4668-BE54-9A1E7A4F7556}") = "Implements.Substrate.Blob", "Substrate.Blob\Implements.Substrate.Blob.csproj", "{30FA2A87-79C2-48DA-8EF0-88DC01D4CB99}"
EndProject
Project("{9A19103F-16F7-4668-BE54-9A1E7A4F7556}") = "Implements.Encryption", "Encryption\Implements.Encryption.csproj", "{759CEE70-7124-49BE-84A2-F74123071707}"
EndProject
Project("{9A19103F-16F7-4668-BE54-9A1E7A4F7556}") = "Implements.Logger", "Logger\Implements.Logger.csproj", "{7B360A3A-A93E-4B97-B2AA-3D29124747BE}"
EndProject
Project("{9A19103F-16F7-4668-BE54-9A1E7A4F7556}") = "Implements.Converter", "Converter\Implements.Converter.csproj", "{F15E6051-F0D4-47C8-9080-4611CA3B334B}"
EndProject
Project("{9A19103F-16F7-4668-BE54-9A1E7A4F7556}") = "Implements.Deserializer", "Deserializer\Implements.Deserializer.csproj", "{B401785F-059A-4111-822D-B5A910AFD2BC}"
EndProject
Global
	GlobalSection(SolutionConfigurationPlatforms) = preSolution
		Debug|Any CPU = Debug|Any CPU
		Release|Any CPU = Release|Any CPU
	EndGlobalSection
	GlobalSection(ProjectConfigurationPlatforms) = postSolution
		{ED638D0F-144B-4A8A-8213-DEDBF003842E}.Debug|Any CPU.ActiveCfg = Debug|Any CPU
		{ED638D0F-144B-4A8A-8213-DEDBF003842E}.Debug|Any CPU.Build.0 = Debug|Any CPU
		{ED638D0F-144B-4A8A-8213-DEDBF003842E}.Release|Any CPU.ActiveCfg = Release|Any CPU
		{ED638D0F-144B-4A8A-8213-DEDBF003842E}.Release|Any CPU.Build.0 = Release|Any CPU
		{FCCF4782-EFC7-4A4A-8984-F75C89851778}.Debug|Any CPU.ActiveCfg = Debug|Any CPU
		{FCCF4782-EFC7-4A4A-8984-F75C89851778}.Debug|Any CPU.Build.0 = Debug|Any CPU
		{FCCF4782-EFC7-4A4A-8984-F75C89851778}.Release|Any CPU.ActiveCfg = Release|Any CPU
		{FCCF4782-EFC7-4A4A-8984-F75C89851778}.Release|Any CPU.Build.0 = Release|Any CPU
		{30FA2A87-79C2-48DA-8EF0-88DC01D4CB99}.Debug|Any CPU.ActiveCfg = Debug|Any CPU
		{30FA2A87-79C2-48DA-8EF0-88DC01D4CB99}.Debug|Any CPU.Build.0 = Debug|Any CPU
		{30FA2A87-79C2-48DA-8EF0-88DC01D4CB99}.Release|Any CPU.ActiveCfg = Release|Any CPU
		{30FA2A87-79C2-48DA-8EF0-88DC01D4CB99}.Release|Any CPU.Build.0 = Release|Any CPU
		{759CEE70-7124-49BE-84A2-F74123071707}.Debug|Any CPU.ActiveCfg = Debug|Any CPU
		{759CEE70-7124-49BE-84A2-F74123071707}.Debug|Any CPU.Build.0 = Debug|Any CPU
		{759CEE70-7124-49BE-84A2-F74123071707}.Release|Any CPU.ActiveCfg = Release|Any CPU
		{759CEE70-7124-49BE-84A2-F74123071707}.Release|Any CPU.Build.0 = Release|Any CPU
		{7B360A3A-A93E-4B97-B2AA-3D29124747BE}.Debug|Any CPU.ActiveCfg = Debug|Any CPU
		{7B360A3A-A93E-4B97-B2AA-3D29124747BE}.Debug|Any CPU.Build.0 = Debug|Any CPU
		{7B360A3A-A93E-4B97-B2AA-3D29124747BE}.Release|Any CPU.ActiveCfg = Release|Any CPU
		{7B360A3A-A93E-4B97-B2AA-3D29124747BE}.Release|Any CPU.Build.0 = Release|Any CPU
		{F15E6051-F0D4-47C8-9080-4611CA3B334B}.Debug|Any CPU.ActiveCfg = Debug|Any CPU
		{F15E6051-F0D4-47C8-9080-4611CA3B334B}.Debug|Any CPU.Build.0 = Debug|Any CPU
		{F15E6051-F0D4-47C8-9080-4611CA3B334B}.Release|Any CPU.ActiveCfg = Release|Any CPU
		{F15E6051-F0D4-47C8-9080-4611CA3B334B}.Release|Any CPU.Build.0 = Release|Any CPU
		{B401785F-059A-4111-822D-B5A910AFD2BC}.Debug|Any CPU.ActiveCfg = Debug|Any CPU
		{B401785F-059A-4111-822D-B5A910AFD2BC}.Debug|Any CPU.Build.0 = Debug|Any CPU
		{B401785F-059A-4111-822D-B5A910AFD2BC}.Release|Any CPU.ActiveCfg = Release|Any CPU
		{B401785F-059A-4111-822D-B5A910AFD2BC}.Release|Any CPU.Build.0 = Release|Any CPU
	EndGlobalSection
	GlobalSection(SolutionProperties) = preSolution
		HideSolutionNode = FALSE
	EndGlobalSection
	GlobalSection(ExtensibilityGlobals) = postSolution
		SolutionGuid = {B9BF02F2-F099-4A9C-A7B1-520CE4D7DC14}
	EndGlobalSection
EndGlobal
