
Microsoft Visual Studio Solution File, Format Version 12.00
# Visual Studio Version 16
VisualStudioVersion = 16.0.29111.141
MinimumVisualStudioVersion = 10.0.40219.1
Project("{FAE04EC0-301F-11D3-BF4B-00C04F79EFBC}") = "Kiroku", "Kiroku\Kiroku.csproj", "{28109DF7-2253-4736-BE26-7DB51A3C5700}"
EndProject
Project("{FAE04EC0-301F-11D3-BF4B-00C04F79EFBC}") = "KFlow", "KFlow\KFlow.csproj", "{DD1DE774-2C73-47FB-973C-179825E7F7C3}"
EndProject
Global
	GlobalSection(SolutionConfigurationPlatforms) = preSolution
		Debug|Any CPU = Debug|Any CPU
		Release|Any CPU = Release|Any CPU
	EndGlobalSection
	GlobalSection(ProjectConfigurationPlatforms) = postSolution
		{28109DF7-2253-4736-BE26-7DB51A3C5700}.Debug|Any CPU.ActiveCfg = Debug|Any CPU
		{28109DF7-2253-4736-BE26-7DB51A3C5700}.Debug|Any CPU.Build.0 = Debug|Any CPU
		{28109DF7-2253-4736-BE26-7DB51A3C5700}.Release|Any CPU.ActiveCfg = Release|Any CPU
		{28109DF7-2253-4736-BE26-7DB51A3C5700}.Release|Any CPU.Build.0 = Release|Any CPU
		{DD1DE774-2C73-47FB-973C-179825E7F7C3}.Debug|Any CPU.ActiveCfg = Debug|Any CPU
		{DD1DE774-2C73-47FB-973C-179825E7F7C3}.Debug|Any CPU.Build.0 = Debug|Any CPU
		{DD1DE774-2C73-47FB-973C-179825E7F7C3}.Release|Any CPU.ActiveCfg = Release|Any CPU
		{DD1DE774-2C73-47FB-973C-179825E7F7C3}.Release|Any CPU.Build.0 = Release|Any CPU
	EndGlobalSection
	GlobalSection(SolutionProperties) = preSolution
		HideSolutionNode = FALSE
	EndGlobalSection
	GlobalSection(ExtensibilityGlobals) = postSolution
		SolutionGuid = {2E2A5252-D946-4891-8851-8F66AFACBBDE}
	EndGlobalSection
EndGlobal
