
Microsoft Visual Studio Solution File, Format Version 12.00
# Visual Studio Version 16
VisualStudioVersion = 16.0.29111.141
MinimumVisualStudioVersion = 10.0.40219.1
Project("{9A19103F-16F7-4668-BE54-9A1E7A4F7556}") = "Kiroku", "Kiroku\Kiroku.csproj", "{28109DF7-2253-4736-BE26-7DB51A3C5700}"
EndProject
Project("{9A19103F-16F7-4668-BE54-9A1E7A4F7556}") = "Kiroku.Flow", "KFlow\Kiroku.Flow.csproj", "{DD1DE774-2C73-47FB-973C-179825E7F7C3}"
EndProject
Project("{9A19103F-16F7-4668-BE54-9A1E7A4F7556}") = "Kiroku.Copy", "KCopy\Kiroku.Copy.csproj", "{F750DFF4-7C54-4F74-AA75-26ED7B691EC8}"
EndProject
Project("{9A19103F-16F7-4668-BE54-9A1E7A4F7556}") = "Kiroku.Copy.Audit", "KCopy.Audit\Kiroku.Copy.Audit.csproj", "{5FC9C4EC-B39E-436F-A66C-C000F480E102}"
EndProject
Project("{9A19103F-16F7-4668-BE54-9A1E7A4F7556}") = "Kiroku.Function", "KHubApp\Kiroku.Function.csproj", "{95918BDE-184C-4F1C-B99A-3313DDA540DC}"
EndProject
Project("{9A19103F-16F7-4668-BE54-9A1E7A4F7556}") = "Kiroku.Storage", "KQuery\Kiroku.Storage.csproj", "{079F5172-D697-4A72-8A96-EFC3D83B2CC2}"
EndProject
Project("{9A19103F-16F7-4668-BE54-9A1E7A4F7556}") = "Kiroku.Storage.Audit", "KQuery.Audit\Kiroku.Storage.Audit.csproj", "{3E6EC56B-7D91-4210-8600-BD2F464FB403}"
EndProject
Project("{9A19103F-16F7-4668-BE54-9A1E7A4F7556}") = "Kiroku.Load", "KLoad\Kiroku.Load.csproj", "{613692CB-879A-48E0-937F-BBFCDED924AD}"
EndProject
Project("{9A19103F-16F7-4668-BE54-9A1E7A4F7556}") = "Kiroku.Load.Audit", "Kload.Audit\Kiroku.Load.Audit.csproj", "{E80198CA-721E-4F84-9334-C6CF377C73AF}"
EndProject
Global
	GlobalSection(SolutionConfigurationPlatforms) = preSolution
		Debug|Any CPU = Debug|Any CPU
		Release|Any CPU = Release|Any CPU
	EndGlobalSection
	GlobalSection(ProjectConfigurationPlatforms) = postSolution
		{28109DF7-2253-4736-BE26-7DB51A3C5700}.Debug|Any CPU.ActiveCfg = Debug|Any CPU
		{28109DF7-2253-4736-BE26-7DB51A3C5700}.Debug|Any CPU.Build.0 = Debug|Any CPU
		{28109DF7-2253-4736-BE26-7DB51A3C5700}.Release|Any CPU.ActiveCfg = Release|Any CPU
		{28109DF7-2253-4736-BE26-7DB51A3C5700}.Release|Any CPU.Build.0 = Release|Any CPU
		{DD1DE774-2C73-47FB-973C-179825E7F7C3}.Debug|Any CPU.ActiveCfg = Debug|Any CPU
		{DD1DE774-2C73-47FB-973C-179825E7F7C3}.Debug|Any CPU.Build.0 = Debug|Any CPU
		{DD1DE774-2C73-47FB-973C-179825E7F7C3}.Release|Any CPU.ActiveCfg = Release|Any CPU
		{DD1DE774-2C73-47FB-973C-179825E7F7C3}.Release|Any CPU.Build.0 = Release|Any CPU
		{F750DFF4-7C54-4F74-AA75-26ED7B691EC8}.Debug|Any CPU.ActiveCfg = Debug|Any CPU
		{F750DFF4-7C54-4F74-AA75-26ED7B691EC8}.Debug|Any CPU.Build.0 = Debug|Any CPU
		{F750DFF4-7C54-4F74-AA75-26ED7B691EC8}.Release|Any CPU.ActiveCfg = Release|Any CPU
		{F750DFF4-7C54-4F74-AA75-26ED7B691EC8}.Release|Any CPU.Build.0 = Release|Any CPU
		{5FC9C4EC-B39E-436F-A66C-C000F480E102}.Debug|Any CPU.ActiveCfg = Debug|Any CPU
		{5FC9C4EC-B39E-436F-A66C-C000F480E102}.Debug|Any CPU.Build.0 = Debug|Any CPU
		{5FC9C4EC-B39E-436F-A66C-C000F480E102}.Release|Any CPU.ActiveCfg = Release|Any CPU
		{5FC9C4EC-B39E-436F-A66C-C000F480E102}.Release|Any CPU.Build.0 = Release|Any CPU
		{95918BDE-184C-4F1C-B99A-3313DDA540DC}.Debug|Any CPU.ActiveCfg = Debug|Any CPU
		{95918BDE-184C-4F1C-B99A-3313DDA540DC}.Debug|Any CPU.Build.0 = Debug|Any CPU
		{95918BDE-184C-4F1C-B99A-3313DDA540DC}.Release|Any CPU.ActiveCfg = Release|Any CPU
		{95918BDE-184C-4F1C-B99A-3313DDA540DC}.Release|Any CPU.Build.0 = Release|Any CPU
		{079F5172-D697-4A72-8A96-EFC3D83B2CC2}.Debug|Any CPU.ActiveCfg = Debug|Any CPU
		{079F5172-D697-4A72-8A96-EFC3D83B2CC2}.Debug|Any CPU.Build.0 = Debug|Any CPU
		{079F5172-D697-4A72-8A96-EFC3D83B2CC2}.Release|Any CPU.ActiveCfg = Release|Any CPU
		{079F5172-D697-4A72-8A96-EFC3D83B2CC2}.Release|Any CPU.Build.0 = Release|Any CPU
		{3E6EC56B-7D91-4210-8600-BD2F464FB403}.Debug|Any CPU.ActiveCfg = Debug|Any CPU
		{3E6EC56B-7D91-4210-8600-BD2F464FB403}.Debug|Any CPU.Build.0 = Debug|Any CPU
		{3E6EC56B-7D91-4210-8600-BD2F464FB403}.Release|Any CPU.ActiveCfg = Release|Any CPU
		{3E6EC56B-7D91-4210-8600-BD2F464FB403}.Release|Any CPU.Build.0 = Release|Any CPU
		{613692CB-879A-48E0-937F-BBFCDED924AD}.Debug|Any CPU.ActiveCfg = Debug|Any CPU
		{613692CB-879A-48E0-937F-BBFCDED924AD}.Debug|Any CPU.Build.0 = Debug|Any CPU
		{613692CB-879A-48E0-937F-BBFCDED924AD}.Release|Any CPU.ActiveCfg = Release|Any CPU
		{613692CB-879A-48E0-937F-BBFCDED924AD}.Release|Any CPU.Build.0 = Release|Any CPU
		{E80198CA-721E-4F84-9334-C6CF377C73AF}.Debug|Any CPU.ActiveCfg = Debug|Any CPU
		{E80198CA-721E-4F84-9334-C6CF377C73AF}.Debug|Any CPU.Build.0 = Debug|Any CPU
		{E80198CA-721E-4F84-9334-C6CF377C73AF}.Release|Any CPU.ActiveCfg = Release|Any CPU
		{E80198CA-721E-4F84-9334-C6CF377C73AF}.Release|Any CPU.Build.0 = Release|Any CPU
	EndGlobalSection
	GlobalSection(SolutionProperties) = preSolution
		HideSolutionNode = FALSE
	EndGlobalSection
	GlobalSection(ExtensibilityGlobals) = postSolution
		SolutionGuid = {2E2A5252-D946-4891-8851-8F66AFACBBDE}
	EndGlobalSection
EndGlobal
